# This file is automatically @generated by Cargo.
# It is not intended for manual editing.
version = 3

[[package]]
name = "test_publish_cool_workspace"
version = "0.13.9"
dependencies = [
 "test_publish_cool_workspace_inner",
]

[[package]]
name = "test_publish_cool_workspace_inner"
version = "0.13.9"
